
Microsoft Visual Studio Solution File, Format Version 12.00
# Visual Studio Version 16
VisualStudioVersion = 16.0.31205.134
MinimumVisualStudioVersion = 10.0.40219.1
Project("{FAE04EC0-301F-11D3-BF4B-00C04F79EFBC}") = "SimpleSurvey", "SimpleSurvey\SimpleSurvey.csproj", "{B4F44DEB-D91D-4451-9AA8-7D032928CFB5}"
EndProject
Global
	GlobalSection(SolutionConfigurationPlatforms) = preSolution
		Debug|Any CPU = Debug|Any CPU
		Release|Any CPU = Release|Any CPU
	EndGlobalSection
	GlobalSection(ProjectConfigurationPlatforms) = postSolution
		{B4F44DEB-D91D-4451-9AA8-7D032928CFB5}.Debug|Any CPU.ActiveCfg = Debug|Any CPU
		{B4F44DEB-D91D-4451-9AA8-7D032928CFB5}.Debug|Any CPU.Build.0 = Debug|Any CPU
		{B4F44DEB-D91D-4451-9AA8-7D032928CFB5}.Release|Any CPU.ActiveCfg = Release|Any CPU
		{B4F44DEB-D91D-4451-9AA8-7D032928CFB5}.Release|Any CPU.Build.0 = Release|Any CPU
	EndGlobalSection
	GlobalSection(SolutionProperties) = preSolution
		HideSolutionNode = FALSE
	EndGlobalSection
	GlobalSection(ExtensibilityGlobals) = postSolution
		SolutionGuid = {39A92DBA-CFAD-4DAC-A488-8712F136A9DB}
	EndGlobalSection
EndGlobal
